Microsoft Visual Studio Solution File, Format Version 12.00
# Visual Studio Version 17
VisualStudioVersion = 17.5.2.0
MinimumVisualStudioVersion = 10.0.40219.1
Project("{FAE04EC0-301F-11D3-BF4B-00C04F79EFBC}") = "UnitOfShop", "UnitOfShop.csproj", "{FC631ADC-715B-CA78-C34B-1418C35CA40E}"
EndProject
Global
	GlobalSection(SolutionConfigurationPlatforms) = preSolution
		Debug|Any CPU = Debug|Any CPU
		Release|Any CPU = Release|Any CPU
	EndGlobalSection
	GlobalSection(ProjectConfigurationPlatforms) = postSolution
		{FC631ADC-715B-CA78-C34B-1418C35CA40E}.Debug|Any CPU.ActiveCfg = Debug|Any CPU
		{FC631ADC-715B-CA78-C34B-1418C35CA40E}.Debug|Any CPU.Build.0 = Debug|Any CPU
		{FC631ADC-715B-CA78-C34B-1418C35CA40E}.Release|Any CPU.ActiveCfg = Release|Any CPU
		{FC631ADC-715B-CA78-C34B-1418C35CA40E}.Release|Any CPU.Build.0 = Release|Any CPU
	EndGlobalSection
	GlobalSection(SolutionProperties) = preSolution
		HideSolutionNode = FALSE
	EndGlobalSection
	GlobalSection(ExtensibilityGlobals) = postSolution
		SolutionGuid = {6A633B1E-094F-41F1-816F-61B2125A2FD0}
	EndGlobalSection
EndGlobal
